
Microsoft Visual Studio Solution File, Format Version 12.00
# Visual Studio Version 16
VisualStudioVersion = 16.0.30225.117
MinimumVisualStudioVersion = 10.0.40219.1
Project("{FAE04EC0-301F-11D3-BF4B-00C04F79EFBC}") = "TrackerLibrary", "TrackerLibrary\TrackerLibrary.csproj", "{217B17AF-7F26-491C-B4A2-D61A1470A869}"
EndProject
Project("{FAE04EC0-301F-11D3-BF4B-00C04F79EFBC}") = "TrackerUI", "TrackerUI\TrackerUI.csproj", "{F0D77717-01D2-44CE-A080-FBAEBA2915C4}"
EndProject
Global
	GlobalSection(SolutionConfigurationPlatforms) = preSolution
		Debug|Any CPU = Debug|Any CPU
		Release|Any CPU = Release|Any CPU
	EndGlobalSection
	GlobalSection(ProjectConfigurationPlatforms) = postSolution
		{217B17AF-7F26-491C-B4A2-D61A1470A869}.Debug|Any CPU.ActiveCfg = Debug|Any CPU
		{217B17AF-7F26-491C-B4A2-D61A1470A869}.Debug|Any CPU.Build.0 = Debug|Any CPU
		{217B17AF-7F26-491C-B4A2-D61A1470A869}.Release|Any CPU.ActiveCfg = Release|Any CPU
		{217B17AF-7F26-491C-B4A2-D61A1470A869}.Release|Any CPU.Build.0 = Release|Any CPU
		{F0D77717-01D2-44CE-A080-FBAEBA2915C4}.Debug|Any CPU.ActiveCfg = Debug|Any CPU
		{F0D77717-01D2-44CE-A080-FBAEBA2915C4}.Debug|Any CPU.Build.0 = Debug|Any CPU
		{F0D77717-01D2-44CE-A080-FBAEBA2915C4}.Release|Any CPU.ActiveCfg = Release|Any CPU
		{F0D77717-01D2-44CE-A080-FBAEBA2915C4}.Release|Any CPU.Build.0 = Release|Any CPU
	EndGlobalSection
	GlobalSection(SolutionProperties) = preSolution
		HideSolutionNode = FALSE
	EndGlobalSection
	GlobalSection(ExtensibilityGlobals) = postSolution
		SolutionGuid = {E117392D-78D1-4227-8063-6976C854C7F1}
	EndGlobalSection
EndGlobal
